
Microsoft Visual Studio Solution File, Format Version 12.00
# Visual Studio Version 17
VisualStudioVersion = 17.1.32210.238
MinimumVisualStudioVersion = 10.0.40219.1
Project("{FAE04EC0-301F-11D3-BF4B-00C04F79EFBC}") = "Ex01ArrayList", "Ex01ArrayList\Ex01ArrayList.csproj", "{5B32ED64-68A9-45E6-A2A9-B174954247C7}"
EndProject
Project("{FAE04EC0-301F-11D3-BF4B-00C04F79EFBC}") = "Ex02_ArrayList2", "Ex02_ArrayList2\Ex02_ArrayList2.csproj", "{696FCC8D-D4D9-4533-B350-F3E9A721DCCD}"
EndProject
Project("{FAE04EC0-301F-11D3-BF4B-00C04F79EFBC}") = "Hw_Bank", "Hw_Bank\Hw_Bank.csproj", "{8CA8D018-B1CC-4196-A4C6-9A178DE9AB72}"
EndProject
Project("{FAE04EC0-301F-11D3-BF4B-00C04F79EFBC}") = "Ex09_Generic", "Ex09_Generic\Ex09_Generic.csproj", "{E0079F17-905F-493C-A29E-EA1053333889}"
EndProject
Project("{FAE04EC0-301F-11D3-BF4B-00C04F79EFBC}") = "hw_multipulication", "hw_multipulication\hw_multipulication.csproj", "{58149C8B-6362-498A-A047-835E2612341A}"
EndProject
Global
	GlobalSection(SolutionConfigurationPlatforms) = preSolution
		Debug|Any CPU = Debug|Any CPU
		Release|Any CPU = Release|Any CPU
	EndGlobalSection
	GlobalSection(ProjectConfigurationPlatforms) = postSolution
		{5B32ED64-68A9-45E6-A2A9-B174954247C7}.Debug|Any CPU.ActiveCfg = Debug|Any CPU
		{5B32ED64-68A9-45E6-A2A9-B174954247C7}.Debug|Any CPU.Build.0 = Debug|Any CPU
		{5B32ED64-68A9-45E6-A2A9-B174954247C7}.Release|Any CPU.ActiveCfg = Release|Any CPU
		{5B32ED64-68A9-45E6-A2A9-B174954247C7}.Release|Any CPU.Build.0 = Release|Any CPU
		{696FCC8D-D4D9-4533-B350-F3E9A721DCCD}.Debug|Any CPU.ActiveCfg = Debug|Any CPU
		{696FCC8D-D4D9-4533-B350-F3E9A721DCCD}.Debug|Any CPU.Build.0 = Debug|Any CPU
		{696FCC8D-D4D9-4533-B350-F3E9A721DCCD}.Release|Any CPU.ActiveCfg = Release|Any CPU
		{696FCC8D-D4D9-4533-B350-F3E9A721DCCD}.Release|Any CPU.Build.0 = Release|Any CPU
		{8CA8D018-B1CC-4196-A4C6-9A178DE9AB72}.Debug|Any CPU.ActiveCfg = Debug|Any CPU
		{8CA8D018-B1CC-4196-A4C6-9A178DE9AB72}.Debug|Any CPU.Build.0 = Debug|Any CPU
		{8CA8D018-B1CC-4196-A4C6-9A178DE9AB72}.Release|Any CPU.ActiveCfg = Release|Any CPU
		{8CA8D018-B1CC-4196-A4C6-9A178DE9AB72}.Release|Any CPU.Build.0 = Release|Any CPU
		{E0079F17-905F-493C-A29E-EA1053333889}.Debug|Any CPU.ActiveCfg = Debug|Any CPU
		{E0079F17-905F-493C-A29E-EA1053333889}.Debug|Any CPU.Build.0 = Debug|Any CPU
		{E0079F17-905F-493C-A29E-EA1053333889}.Release|Any CPU.ActiveCfg = Release|Any CPU
		{E0079F17-905F-493C-A29E-EA1053333889}.Release|Any CPU.Build.0 = Release|Any CPU
		{58149C8B-6362-498A-A047-835E2612341A}.Debug|Any CPU.ActiveCfg = Debug|Any CPU
		{58149C8B-6362-498A-A047-835E2612341A}.Debug|Any CPU.Build.0 = Debug|Any CPU
		{58149C8B-6362-498A-A047-835E2612341A}.Release|Any CPU.ActiveCfg = Release|Any CPU
		{58149C8B-6362-498A-A047-835E2612341A}.Release|Any CPU.Build.0 = Release|Any CPU
	EndGlobalSection
	GlobalSection(SolutionProperties) = preSolution
		HideSolutionNode = FALSE
	EndGlobalSection
	GlobalSection(ExtensibilityGlobals) = postSolution
		SolutionGuid = {F75EE74D-0255-45EB-B658-83F7954F3B2F}
	EndGlobalSection
EndGlobal
